// !$*UTF8*$!
{
	archiveVersion = 1;
	classes = {
	};
	objectVersion = 56;
	objects = {

/* Begin PBXBuildFile section */
		9409B6E829C62C2100381E60 /* CharacterEncodeInfo.swift in Sources */ = {isa = PBXBuildFile; fileRef = 9409B6E729C62C2100381E60 /* CharacterEncodeInfo.swift */; };
		9416271229BE3BBF003B1745 /* CharacterEncode.swift in Sources */ = {isa = PBXBuildFile; fileRef = 9416271129BE3BBF003B1745 /* CharacterEncode.swift */; };
		9416271429BE3C26003B1745 /* Double + Ext.swift in Sources */ = {isa = PBXBuildFile; fileRef = 9416271329BE3C26003B1745 /* Double + Ext.swift */; };
		9416271729BE52E9003B1745 /* TextEncodeInfo.swift in Sources */ = {isa = PBXBuildFile; fileRef = 9416271629BE52E9003B1745 /* TextEncodeInfo.swift */; };
		94A807A629BDE86600B8EE54 /* Text_EncoderApp.swift in Sources */ = {isa = PBXBuildFile; fileRef = 94A807A529BDE86600B8EE54 /* Text_EncoderApp.swift */; };
		94A807AA29BDE86700B8EE54 /* Assets.xcassets in Resources */ = {isa = PBXBuildFile; fileRef = 94A807A929BDE86700B8EE54 /* Assets.xcassets */; };
		94A807AD29BDE86700B8EE54 /* Preview Assets.xcassets in Resources */ = {isa = PBXBuildFile; fileRef = 94A807AC29BDE86700B8EE54 /* Preview Assets.xcassets */; };
		94A807B829BDE91300B8EE54 /* TextEncode.swift in Sources */ = {isa = PBXBuildFile; fileRef = 94A807B729BDE91300B8EE54 /* TextEncode.swift */; };
		94A807BF29BDEA7600B8EE54 /* EncodeMethod.swift in Sources */ = {isa = PBXBuildFile; fileRef = 94A807BE29BDEA7600B8EE54 /* EncodeMethod.swift */; };
		94A807C829BDF74300B8EE54 /* String + Ext.swift in Sources */ = {isa = PBXBuildFile; fileRef = 94A807C729BDF74300B8EE54 /* String + Ext.swift */; };
		94A807CB29BDF77500B8EE54 /* ShannonFanoTextEncoder.swift in Sources */ = {isa = PBXBuildFile; fileRef = 94A807CA29BDF77500B8EE54 /* ShannonFanoTextEncoder.swift */; };
		94A807CE29BE050C00B8EE54 /* ShannonFanoCode.swift in Sources */ = {isa = PBXBuildFile; fileRef = 94A807CD29BE050C00B8EE54 /* ShannonFanoCode.swift */; };
		94A807D029BE05C800B8EE54 /* ShannonFanoEncodeViewModel.swift in Sources */ = {isa = PBXBuildFile; fileRef = 94A807CF29BE05C800B8EE54 /* ShannonFanoEncodeViewModel.swift */; };
		94A9CA5429CCB61A003CD905 /* HuffmanCode.swift in Sources */ = {isa = PBXBuildFile; fileRef = 94A9CA5329CCB61A003CD905 /* HuffmanCode.swift */; };
		94A9CA5629CCB681003CD905 /* EncodeMethodTitle.swift in Sources */ = {isa = PBXBuildFile; fileRef = 94A9CA5529CCB681003CD905 /* EncodeMethodTitle.swift */; };
		94A9CA5829CCB96E003CD905 /* HuffmanCodeViewModel.swift in Sources */ = {isa = PBXBuildFile; fileRef = 94A9CA5729CCB96E003CD905 /* HuffmanCodeViewModel.swift */; };
		94A9CA5C29CCB9E4003CD905 /* TextEncoder.swift in Sources */ = {isa = PBXBuildFile; fileRef = 94A9CA5B29CCB9E4003CD905 /* TextEncoder.swift */; };
		94A9CA5E29CCBCAC003CD905 /* HuffmanTextEncoder.swift in Sources */ = {isa = PBXBuildFile; fileRef = 94A9CA5D29CCBCAC003CD905 /* HuffmanTextEncoder.swift */; };
		94A9CA6329CCBDE4003CD905 /* BinaryTreeNode.swift in Sources */ = {isa = PBXBuildFile; fileRef = 94A9CA6229CCBDE4003CD905 /* BinaryTreeNode.swift */; };
		94A9CA6529CCBF2C003CD905 /* EncodeInfoProvider.swift in Sources */ = {isa = PBXBuildFile; fileRef = 94A9CA6429CCBF2C003CD905 /* EncodeInfoProvider.swift */; };
		94A9CA6729CCC2B5003CD905 /* HuffmanEncode.swift in Sources */ = {isa = PBXBuildFile; fileRef = 94A9CA6629CCC2B5003CD905 /* HuffmanEncode.swift */; };
		94A9CA6A29CCDB39003CD905 /* HuffmanTable.swift in Sources */ = {isa = PBXBuildFile; fileRef = 94A9CA6929CCDB39003CD905 /* HuffmanTable.swift */; };
		94B3D04F29BEFBCD00C0AB29 /* EncodeSummary.swift in Sources */ = {isa = PBXBuildFile; fileRef = 94B3D04E29BEFBCD00C0AB29 /* EncodeSummary.swift */; };
/* End PBXBuildFile section */

/* Begin PBXFileReference section */
		9409B6E729C62C2100381E60 /* CharacterEncodeInfo.swift */ = {isa = PBXFileReference; lastKnownFileType = sourcecode.swift; path = CharacterEncodeInfo.swift; sourceTree = "<group>"; };
		9416271129BE3BBF003B1745 /* CharacterEncode.swift */ = {isa = PBXFileReference; lastKnownFileType = sourcecode.swift; path = CharacterEncode.swift; sourceTree = "<group>"; };
		9416271329BE3C26003B1745 /* Double + Ext.swift */ = {isa = PBXFileReference; lastKnownFileType = sourcecode.swift; path = "Double + Ext.swift"; sourceTree = "<group>"; };
		9416271629BE52E9003B1745 /* TextEncodeInfo.swift */ = {isa = PBXFileReference; lastKnownFileType = sourcecode.swift; path = TextEncodeInfo.swift; sourceTree = "<group>"; };
		94A807A229BDE86600B8EE54 /* Text-Encoder.app */ = {isa = PBXFileReference; explicitFileType = wrapper.application; includeInIndex = 0; path = "Text-Encoder.app"; sourceTree = BUILT_PRODUCTS_DIR; };
		94A807A529BDE86600B8EE54 /* Text_EncoderApp.swift */ = {isa = PBXFileReference; lastKnownFileType = sourcecode.swift; path = Text_EncoderApp.swift; sourceTree = "<group>"; };
		94A807A929BDE86700B8EE54 /* Assets.xcassets */ = {isa = PBXFileReference; lastKnownFileType = folder.assetcatalog; path = Assets.xcassets; sourceTree = "<group>"; };
		94A807AC29BDE86700B8EE54 /* Preview Assets.xcassets */ = {isa = PBXFileReference; lastKnownFileType = folder.assetcatalog; path = "Preview Assets.xcassets"; sourceTree = "<group>"; };
		94A807B729BDE91300B8EE54 /* TextEncode.swift */ = {isa = PBXFileReference; lastKnownFileType = sourcecode.swift; path = TextEncode.swift; sourceTree = "<group>"; };
		94A807BE29BDEA7600B8EE54 /* EncodeMethod.swift */ = {isa = PBXFileReference; lastKnownFileType = sourcecode.swift; path = EncodeMethod.swift; sourceTree = "<group>"; };
		94A807C729BDF74300B8EE54 /* String + Ext.swift */ = {isa = PBXFileReference; lastKnownFileType = sourcecode.swift; path = "String + Ext.swift"; sourceTree = "<group>"; };
		94A807CA29BDF77500B8EE54 /* ShannonFanoTextEncoder.swift */ = {isa = PBXFileReference; lastKnownFileType = sourcecode.swift; path = ShannonFanoTextEncoder.swift; sourceTree = "<group>"; };
		94A807CD29BE050C00B8EE54 /* ShannonFanoCode.swift */ = {isa = PBXFileReference; lastKnownFileType = sourcecode.swift; path = ShannonFanoCode.swift; sourceTree = "<group>"; };
		94A807CF29BE05C800B8EE54 /* ShannonFanoEncodeViewModel.swift */ = {isa = PBXFileReference; lastKnownFileType = sourcecode.swift; path = ShannonFanoEncodeViewModel.swift; sourceTree = "<group>"; };
		94A9CA5329CCB61A003CD905 /* HuffmanCode.swift */ = {isa = PBXFileReference; lastKnownFileType = sourcecode.swift; path = HuffmanCode.swift; sourceTree = "<group>"; };
		94A9CA5529CCB681003CD905 /* EncodeMethodTitle.swift */ = {isa = PBXFileReference; lastKnownFileType = sourcecode.swift; path = EncodeMethodTitle.swift; sourceTree = "<group>"; };
		94A9CA5729CCB96E003CD905 /* HuffmanCodeViewModel.swift */ = {isa = PBXFileReference; lastKnownFileType = sourcecode.swift; path = HuffmanCodeViewModel.swift; sourceTree = "<group>"; };
		94A9CA5B29CCB9E4003CD905 /* TextEncoder.swift */ = {isa = PBXFileReference; lastKnownFileType = sourcecode.swift; path = TextEncoder.swift; sourceTree = "<group>"; };
		94A9CA5D29CCBCAC003CD905 /* HuffmanTextEncoder.swift */ = {isa = PBXFileReference; lastKnownFileType = sourcecode.swift; path = HuffmanTextEncoder.swift; sourceTree = "<group>"; };
		94A9CA6229CCBDE4003CD905 /* BinaryTreeNode.swift */ = {isa = PBXFileReference; lastKnownFileType = sourcecode.swift; path = BinaryTreeNode.swift; sourceTree = "<group>"; };
		94A9CA6429CCBF2C003CD905 /* EncodeInfoProvider.swift */ = {isa = PBXFileReference; lastKnownFileType = sourcecode.swift; path = EncodeInfoProvider.swift; sourceTree = "<group>"; };
		94A9CA6629CCC2B5003CD905 /* HuffmanEncode.swift */ = {isa = PBXFileReference; lastKnownFileType = sourcecode.swift; path = HuffmanEncode.swift; sourceTree = "<group>"; };
		94A9CA6929CCDB39003CD905 /* HuffmanTable.swift */ = {isa = PBXFileReference; lastKnownFileType = sourcecode.swift; path = HuffmanTable.swift; sourceTree = "<group>"; };
		94B3D04E29BEFBCD00C0AB29 /* EncodeSummary.swift */ = {isa = PBXFileReference; lastKnownFileType = sourcecode.swift; path = EncodeSummary.swift; sourceTree = "<group>"; };
/* End PBXFileReference section */

/* Begin PBXFrameworksBuildPhase section */
		94A8079F29BDE86600B8EE54 /* Frameworks */ = {
			isa = PBXFrameworksBuildPhase;
			buildActionMask = 2147483647;
			files = (
			);
			runOnlyForDeploymentPostprocessing = 0;
		};
/* End PBXFrameworksBuildPhase section */

/* Begin PBXGroup section */
		9416271529BE52CC003B1745 /* Model */ = {
			isa = PBXGroup;
			children = (
				9416271629BE52E9003B1745 /* TextEncodeInfo.swift */,
				9409B6E729C62C2100381E60 /* CharacterEncodeInfo.swift */,
				94A9CA6229CCBDE4003CD905 /* BinaryTreeNode.swift */,
				94A9CA6629CCC2B5003CD905 /* HuffmanEncode.swift */,
			);
			path = Model;
			sourceTree = "<group>";
		};
		94A8079929BDE86600B8EE54 = {
			isa = PBXGroup;
			children = (
				94A807A429BDE86600B8EE54 /* Text-Encoder */,
				94A807A329BDE86600B8EE54 /* Products */,
			);
			sourceTree = "<group>";
		};
		94A807A329BDE86600B8EE54 /* Products */ = {
			isa = PBXGroup;
			children = (
				94A807A229BDE86600B8EE54 /* Text-Encoder.app */,
			);
			name = Products;
			sourceTree = "<group>";
		};
		94A807A429BDE86600B8EE54 /* Text-Encoder */ = {
			isa = PBXGroup;
			children = (
				94A807B429BDE88F00B8EE54 /* Application */,
				94A807B329BDE88200B8EE54 /* Supporting */,
				94A807AB29BDE86700B8EE54 /* Preview Content */,
			);
			path = "Text-Encoder";
			sourceTree = "<group>";
		};
		94A807AB29BDE86700B8EE54 /* Preview Content */ = {
			isa = PBXGroup;
			children = (
				94A807AC29BDE86700B8EE54 /* Preview Assets.xcassets */,
			);
			path = "Preview Content";
			sourceTree = "<group>";
		};
		94A807B329BDE88200B8EE54 /* Supporting */ = {
			isa = PBXGroup;
			children = (
				94A807A929BDE86700B8EE54 /* Assets.xcassets */,
			);
			path = Supporting;
			sourceTree = "<group>";
		};
		94A807B429BDE88F00B8EE54 /* Application */ = {
			isa = PBXGroup;
			children = (
				94A807B529BDE89600B8EE54 /* AppFile */,
				94A807C929BDF75800B8EE54 /* Service */,
				9416271529BE52CC003B1745 /* Model */,
				94A807C529BDEEAC00B8EE54 /* UI */,
				94A807BC29BDEA6700B8EE54 /* Helper */,
			);
			path = Application;
			sourceTree = "<group>";
		};
		94A807B529BDE89600B8EE54 /* AppFile */ = {
			isa = PBXGroup;
			children = (
				94A807A529BDE86600B8EE54 /* Text_EncoderApp.swift */,
			);
			path = AppFile;
			sourceTree = "<group>";
		};
		94A807B629BDE8A000B8EE54 /* Module */ = {
			isa = PBXGroup;
			children = (
				94A807B929BDE9D200B8EE54 /* TextEncode */,
				94A807CC29BE04E800B8EE54 /* ShannonFanoCode */,
				94A9CA5229CCB603003CD905 /* HuffmanCode */,
			);
			path = Module;
			sourceTree = "<group>";
		};
		94A807B929BDE9D200B8EE54 /* TextEncode */ = {
			isa = PBXGroup;
			children = (
				94A807B729BDE91300B8EE54 /* TextEncode.swift */,
			);
			path = TextEncode;
			sourceTree = "<group>";
		};
		94A807BC29BDEA6700B8EE54 /* Helper */ = {
			isa = PBXGroup;
			children = (
				94A9CA5A29CCB9D1003CD905 /* Protocol */,
				94A807C629BDF73800B8EE54 /* Extension */,
				94A807BD29BDEA6C00B8EE54 /* Enum */,
			);
			path = Helper;
			sourceTree = "<group>";
		};
		94A807BD29BDEA6C00B8EE54 /* Enum */ = {
			isa = PBXGroup;
			children = (
				94A807BE29BDEA7600B8EE54 /* EncodeMethod.swift */,
			);
			path = Enum;
			sourceTree = "<group>";
		};
		94A807C429BDEEA700B8EE54 /* View */ = {
			isa = PBXGroup;
			children = (
				9416271129BE3BBF003B1745 /* CharacterEncode.swift */,
				94B3D04E29BEFBCD00C0AB29 /* EncodeSummary.swift */,
				94A9CA5529CCB681003CD905 /* EncodeMethodTitle.swift */,
				94A9CA6929CCDB39003CD905 /* HuffmanTable.swift */,
			);
			path = View;
			sourceTree = "<group>";
		};
		94A807C529BDEEAC00B8EE54 /* UI */ = {
			isa = PBXGroup;
			children = (
				94A807B629BDE8A000B8EE54 /* Module */,
				94A807C429BDEEA700B8EE54 /* View */,
			);
			path = UI;
			sourceTree = "<group>";
		};
		94A807C629BDF73800B8EE54 /* Extension */ = {
			isa = PBXGroup;
			children = (
				94A807C729BDF74300B8EE54 /* String + Ext.swift */,
				9416271329BE3C26003B1745 /* Double + Ext.swift */,
			);
			path = Extension;
			sourceTree = "<group>";
		};
		94A807C929BDF75800B8EE54 /* Service */ = {
			isa = PBXGroup;
			children = (
				94A807CA29BDF77500B8EE54 /* ShannonFanoTextEncoder.swift */,
				94A9CA5D29CCBCAC003CD905 /* HuffmanTextEncoder.swift */,
			);
			path = Service;
			sourceTree = "<group>";
		};
		94A807CC29BE04E800B8EE54 /* ShannonFanoCode */ = {
			isa = PBXGroup;
			children = (
				94A807CD29BE050C00B8EE54 /* ShannonFanoCode.swift */,
				94A807CF29BE05C800B8EE54 /* ShannonFanoEncodeViewModel.swift */,
			);
			path = ShannonFanoCode;
			sourceTree = "<group>";
		};
		94A9CA5229CCB603003CD905 /* HuffmanCode */ = {
			isa = PBXGroup;
			children = (
				94A9CA5329CCB61A003CD905 /* HuffmanCode.swift */,
				94A9CA5729CCB96E003CD905 /* HuffmanCodeViewModel.swift */,
			);
			path = HuffmanCode;
			sourceTree = "<group>";
		};
		94A9CA5A29CCB9D1003CD905 /* Protocol */ = {
			isa = PBXGroup;
			children = (
				94A9CA5B29CCB9E4003CD905 /* TextEncoder.swift */,
				94A9CA6429CCBF2C003CD905 /* EncodeInfoProvider.swift */,
			);
			path = Protocol;
			sourceTree = "<group>";
		};
/* End PBXGroup section */

/* Begin PBXNativeTarget section */
		94A807A129BDE86600B8EE54 /* Text-Encoder */ = {
			isa = PBXNativeTarget;
			buildConfigurationList = 94A807B029BDE86700B8EE54 /* Build configuration list for PBXNativeTarget "Text-Encoder" */;
			buildPhases = (
				94A8079E29BDE86600B8EE54 /* Sources */,
				94A8079F29BDE86600B8EE54 /* Frameworks */,
				94A807A029BDE86600B8EE54 /* Resources */,
			);
			buildRules = (
			);
			dependencies = (
			);
			name = "Text-Encoder";
			productName = "Text-Encoder";
			productReference = 94A807A229BDE86600B8EE54 /* Text-Encoder.app */;
			productType = "com.apple.product-type.application";
		};
/* End PBXNativeTarget section */

/* Begin PBXProject section */
		94A8079A29BDE86600B8EE54 /* Project object */ = {
			isa = PBXProject;
			attributes = {
				BuildIndependentTargetsInParallel = 1;
				LastSwiftUpdateCheck = 1420;
				LastUpgradeCheck = 1420;
				TargetAttributes = {
					94A807A129BDE86600B8EE54 = {
						CreatedOnToolsVersion = 14.2;
					};
				};
			};
			buildConfigurationList = 94A8079D29BDE86600B8EE54 /* Build configuration list for PBXProject "Text-Encoder" */;
			compatibilityVersion = "Xcode 14.0";
			developmentRegion = en;
			hasScannedForEncodings = 0;
			knownRegions = (
				en,
				Base,
			);
			mainGroup = 94A8079929BDE86600B8EE54;
			productRefGroup = 94A807A329BDE86600B8EE54 /* Products */;
			projectDirPath = "";
			projectRoot = "";
			targets = (
				94A807A129BDE86600B8EE54 /* Text-Encoder */,
			);
		};
/* End PBXProject section */

/* Begin PBXResourcesBuildPhase section */
		94A807A029BDE86600B8EE54 /* Resources */ = {
			isa = PBXResourcesBuildPhase;
			buildActionMask = 2147483647;
			files = (
				94A807AD29BDE86700B8EE54 /* Preview Assets.xcassets in Resources */,
				94A807AA29BDE86700B8EE54 /* Assets.xcassets in Resources */,
			);
			runOnlyForDeploymentPostprocessing = 0;
		};
/* End PBXResourcesBuildPhase section */

/* Begin PBXSourcesBuildPhase section */
		94A8079E29BDE86600B8EE54 /* Sources */ = {
			isa = PBXSourcesBuildPhase;
			buildActionMask = 2147483647;
			files = (
				9416271429BE3C26003B1745 /* Double + Ext.swift in Sources */,
				94A9CA6729CCC2B5003CD905 /* HuffmanEncode.swift in Sources */,
				94A9CA5829CCB96E003CD905 /* HuffmanCodeViewModel.swift in Sources */,
				9416271729BE52E9003B1745 /* TextEncodeInfo.swift in Sources */,
				94A9CA5C29CCB9E4003CD905 /* TextEncoder.swift in Sources */,
				94A807D029BE05C800B8EE54 /* ShannonFanoEncodeViewModel.swift in Sources */,
				94A9CA5629CCB681003CD905 /* EncodeMethodTitle.swift in Sources */,
				9409B6E829C62C2100381E60 /* CharacterEncodeInfo.swift in Sources */,
				94A9CA6529CCBF2C003CD905 /* EncodeInfoProvider.swift in Sources */,
				94A807BF29BDEA7600B8EE54 /* EncodeMethod.swift in Sources */,
				94A807CB29BDF77500B8EE54 /* ShannonFanoTextEncoder.swift in Sources */,
				94A807C829BDF74300B8EE54 /* String + Ext.swift in Sources */,
				94A807CE29BE050C00B8EE54 /* ShannonFanoCode.swift in Sources */,
				9416271229BE3BBF003B1745 /* CharacterEncode.swift in Sources */,
				94A9CA5429CCB61A003CD905 /* HuffmanCode.swift in Sources */,
				94A807B829BDE91300B8EE54 /* TextEncode.swift in Sources */,
				94A9CA6329CCBDE4003CD905 /* BinaryTreeNode.swift in Sources */,
				94B3D04F29BEFBCD00C0AB29 /* EncodeSummary.swift in Sources */,
				94A9CA6A29CCDB39003CD905 /* HuffmanTable.swift in Sources */,
				94A9CA5E29CCBCAC003CD905 /* HuffmanTextEncoder.swift in Sources */,
				94A807A629BDE86600B8EE54 /* Text_EncoderApp.swift in Sources */,
			);
			runOnlyForDeploymentPostprocessing = 0;
		};
/* End PBXSourcesBuildPhase section */

/* Begin XCBuildConfiguration section */
		94A807AE29BDE86700B8EE54 /* Debug */ = {
			isa = XCBuildConfiguration;
			buildSettings = {
				ALWAYS_SEARCH_USER_PATHS = NO;
				CLANG_ANALYZER_NONNULL = YES;
				CLANG_ANALYZER_NUMBER_OBJECT_CONVERSION = YES_AGGRESSIVE;
				CLANG_CXX_LANGUAGE_STANDARD = "gnu++20";
				CLANG_ENABLE_MODULES = YES;
				CLANG_ENABLE_OBJC_ARC = YES;
				CLANG_ENABLE_OBJC_WEAK = YES;
				CLANG_WARN_BLOCK_CAPTURE_AUTORELEASING = YES;
				CLANG_WARN_BOOL_CONVERSION = YES;
				CLANG_WARN_COMMA = YES;
				CLANG_WARN_CONSTANT_CONVERSION = YES;
				CLANG_WARN_DEPRECATED_OBJC_IMPLEMENTATIONS = YES;
				CLANG_WARN_DIRECT_OBJC_ISA_USAGE = YES_ERROR;
				CLANG_WARN_DOCUMENTATION_COMMENTS = YES;
				CLANG_WARN_EMPTY_BODY = YES;
				CLANG_WARN_ENUM_CONVERSION = YES;
				CLANG_WARN_INFINITE_RECURSION = YES;
				CLANG_WARN_INT_CONVERSION = YES;
				CLANG_WARN_NON_LITERAL_NULL_CONVERSION = YES;
				CLANG_WARN_OBJC_IMPLICIT_RETAIN_SELF = YES;
				CLANG_WARN_OBJC_LITERAL_CONVERSION = YES;
				CLANG_WARN_OBJC_ROOT_CLASS = YES_ERROR;
				CLANG_WARN_QUOTED_INCLUDE_IN_FRAMEWORK_HEADER = YES;
				CLANG_WARN_RANGE_LOOP_ANALYSIS = YES;
				CLANG_WARN_STRICT_PROTOTYPES = YES;
				CLANG_WARN_SUSPICIOUS_MOVE = YES;
				CLANG_WARN_UNGUARDED_AVAILABILITY = YES_AGGRESSIVE;
				CLANG_WARN_UNREACHABLE_CODE = YES;
				CLANG_WARN__DUPLICATE_METHOD_MATCH = YES;
				COPY_PHASE_STRIP = NO;
				DEBUG_INFORMATION_FORMAT = dwarf;
				ENABLE_STRICT_OBJC_MSGSEND = YES;
				ENABLE_TESTABILITY = YES;
				GCC_C_LANGUAGE_STANDARD = gnu11;
				GCC_DYNAMIC_NO_PIC = NO;
				GCC_NO_COMMON_BLOCKS = YES;
				GCC_OPTIMIZATION_LEVEL = 0;
				GCC_PREPROCESSOR_DEFINITIONS = (
					"DEBUG=1",
					"$(inherited)",
				);
				GCC_WARN_64_TO_32_BIT_CONVERSION = YES;
				GCC_WARN_ABOUT_RETURN_TYPE = YES_ERROR;
				GCC_WARN_UNDECLARED_SELECTOR = YES;
				GCC_WARN_UNINITIALIZED_AUTOS = YES_AGGRESSIVE;
				GCC_WARN_UNUSED_FUNCTION = YES;
				GCC_WARN_UNUSED_VARIABLE = YES;
				IPHONEOS_DEPLOYMENT_TARGET = 16.2;
				MTL_ENABLE_DEBUG_INFO = INCLUDE_SOURCE;
				MTL_FAST_MATH = YES;
				ONLY_ACTIVE_ARCH = YES;
				SDKROOT = iphoneos;
				SWIFT_ACTIVE_COMPILATION_CONDITIONS = DEBUG;
				SWIFT_OPTIMIZATION_LEVEL = "-Onone";
			};
			name = Debug;
		};
		94A807AF29BDE86700B8EE54 /* Release */ = {
			isa = XCBuildConfiguration;
			buildSettings = {
				ALWAYS_SEARCH_USER_PATHS = NO;
				CLANG_ANALYZER_NONNULL = YES;
				CLANG_ANALYZER_NUMBER_OBJECT_CONVERSION = YES_AGGRESSIVE;
				CLANG_CXX_LANGUAGE_STANDARD = "gnu++20";
				CLANG_ENABLE_MODULES = YES;
				CLANG_ENABLE_OBJC_ARC = YES;
				CLANG_ENABLE_OBJC_WEAK = YES;
				CLANG_WARN_BLOCK_CAPTURE_AUTORELEASING = YES;
				CLANG_WARN_BOOL_CONVERSION = YES;
				CLANG_WARN_COMMA = YES;
				CLANG_WARN_CONSTANT_CONVERSION = YES;
				CLANG_WARN_DEPRECATED_OBJC_IMPLEMENTATIONS = YES;
				CLANG_WARN_DIRECT_OBJC_ISA_USAGE = YES_ERROR;
				CLANG_WARN_DOCUMENTATION_COMMENTS = YES;
				CLANG_WARN_EMPTY_BODY = YES;
				CLANG_WARN_ENUM_CONVERSION = YES;
				CLANG_WARN_INFINITE_RECURSION = YES;
				CLANG_WARN_INT_CONVERSION = YES;
				CLANG_WARN_NON_LITERAL_NULL_CONVERSION = YES;
				CLANG_WARN_OBJC_IMPLICIT_RETAIN_SELF = YES;
				CLANG_WARN_OBJC_LITERAL_CONVERSION = YES;
				CLANG_WARN_OBJC_ROOT_CLASS = YES_ERROR;
				CLANG_WARN_QUOTED_INCLUDE_IN_FRAMEWORK_HEADER = YES;
				CLANG_WARN_RANGE_LOOP_ANALYSIS = YES;
				CLANG_WARN_STRICT_PROTOTYPES = YES;
				CLANG_WARN_SUSPICIOUS_MOVE = YES;
				CLANG_WARN_UNGUARDED_AVAILABILITY = YES_AGGRESSIVE;
				CLANG_WARN_UNREACHABLE_CODE = YES;
				CLANG_WARN__DUPLICATE_METHOD_MATCH = YES;
				COPY_PHASE_STRIP = NO;
				DEBUG_INFORMATION_FORMAT = "dwarf-with-dsym";
				ENABLE_NS_ASSERTIONS = NO;
				ENABLE_STRICT_OBJC_MSGSEND = YES;
				GCC_C_LANGUAGE_STANDARD = gnu11;
				GCC_NO_COMMON_BLOCKS = YES;
				GCC_WARN_64_TO_32_BIT_CONVERSION = YES;
				GCC_WARN_ABOUT_RETURN_TYPE = YES_ERROR;
				GCC_WARN_UNDECLARED_SELECTOR = YES;
				GCC_WARN_UNINITIALIZED_AUTOS = YES_AGGRESSIVE;
				GCC_WARN_UNUSED_FUNCTION = YES;
				GCC_WARN_UNUSED_VARIABLE = YES;
				IPHONEOS_DEPLOYMENT_TARGET = 16.2;
				MTL_ENABLE_DEBUG_INFO = NO;
				MTL_FAST_MATH = YES;
				SDKROOT = iphoneos;
				SWIFT_COMPILATION_MODE = wholemodule;
				SWIFT_OPTIMIZATION_LEVEL = "-O";
				VALIDATE_PRODUCT = YES;
			};
			name = Release;
		};
		94A807B129BDE86700B8EE54 /* Debug */ = {
			isa = XCBuildConfiguration;
			buildSettings = {
				ASSETCATALOG_COMPILER_APPICON_NAME = AppIcon;
				ASSETCATALOG_COMPILER_GLOBAL_ACCENT_COLOR_NAME = AccentColor;
				CODE_SIGN_STYLE = Automatic;
				CURRENT_PROJECT_VERSION = 1;
				DEVELOPMENT_ASSET_PATHS = "\"Text-Encoder/Preview Content\"";
				DEVELOPMENT_TEAM = XX34NBC2NS;
				ENABLE_PREVIEWS = YES;
				GENERATE_INFOPLIST_FILE = YES;
				INFOPLIST_KEY_UIApplicationSceneManifest_Generation = YES;
				INFOPLIST_KEY_UIApplicationSupportsIndirectInputEvents = YES;
				INFOPLIST_KEY_UILaunchScreen_Generation = YES;
				INFOPLIST_KEY_UISupportedInterfaceOrientations = UIInterfaceOrientationPortrait;
				INFOPLIST_KEY_UISupportedInterfaceOrientations_iPad = "UIInterfaceOrientationLandscapeLeft UIInterfaceOrientationLandscapeRight UIInterfaceOrientationPortrait";
				LD_RUNPATH_SEARCH_PATHS = (
					"$(inherited)",
					"@executable_path/Frameworks",
				);
				MARKETING_VERSION = 1.0;
				PRODUCT_BUNDLE_IDENTIFIER = "com.malildugulyubgov.Text-Encoder";
				PRODUCT_NAME = "$(TARGET_NAME)";
				SUPPORTED_PLATFORMS = "iphoneos iphonesimulator";
				SUPPORTS_MACCATALYST = NO;
				SUPPORTS_MAC_DESIGNED_FOR_IPHONE_IPAD = NO;
				SWIFT_EMIT_LOC_STRINGS = YES;
				SWIFT_VERSION = 5.0;
				TARGETED_DEVICE_FAMILY = "1,2";
			};
			name = Debug;
		};
		94A807B229BDE86700B8EE54 /* Release */ = {
			isa = XCBuildConfiguration;
			buildSettings = {
				ASSETCATALOG_COMPILER_APPICON_NAME = AppIcon;
				ASSETCATALOG_COMPILER_GLOBAL_ACCENT_COLOR_NAME = AccentColor;
				CODE_SIGN_STYLE = Automatic;
				CURRENT_PROJECT_VERSION = 1;
				DEVELOPMENT_ASSET_PATHS = "\"Text-Encoder/Preview Content\"";
				DEVELOPMENT_TEAM = XX34NBC2NS;
				ENABLE_PREVIEWS = YES;
				GENERATE_INFOPLIST_FILE = YES;
				INFOPLIST_KEY_UIApplicationSceneManifest_Generation = YES;
				INFOPLIST_KEY_UIApplicationSupportsIndirectInputEvents = YES;
				INFOPLIST_KEY_UILaunchScreen_Generation = YES;
				INFOPLIST_KEY_UISupportedInterfaceOrientations = UIInterfaceOrientationPortrait;
				INFOPLIST_KEY_UISupportedInterfaceOrientations_iPad = "UIInterfaceOrientationLandscapeLeft UIInterfaceOrientationLandscapeRight UIInterfaceOrientationPortrait";
				LD_RUNPATH_SEARCH_PATHS = (
					"$(inherited)",
					"@executable_path/Frameworks",
				);
				MARKETING_VERSION = 1.0;
				PRODUCT_BUNDLE_IDENTIFIER = "com.malildugulyubgov.Text-Encoder";
				PRODUCT_NAME = "$(TARGET_NAME)";
				SUPPORTED_PLATFORMS = "iphoneos iphonesimulator";
				SUPPORTS_MACCATALYST = NO;
				SUPPORTS_MAC_DESIGNED_FOR_IPHONE_IPAD = NO;
				SWIFT_EMIT_LOC_STRINGS = YES;
				SWIFT_VERSION = 5.0;
				TARGETED_DEVICE_FAMILY = "1,2";
			};
			name = Release;
		};
/* End XCBuildConfiguration section */

/* Begin XCConfigurationList section */
		94A8079D29BDE86600B8EE54 /* Build configuration list for PBXProject "Text-Encoder" */ = {
			isa = XCConfigurationList;
			buildConfigurations = (
				94A807AE29BDE86700B8EE54 /* Debug */,
				94A807AF29BDE86700B8EE54 /* Release */,
			);
			defaultConfigurationIsVisible = 0;
			defaultConfigurationName = Release;
		};
		94A807B029BDE86700B8EE54 /* Build configuration list for PBXNativeTarget "Text-Encoder" */ = {
			isa = XCConfigurationList;
			buildConfigurations = (
				94A807B129BDE86700B8EE54 /* Debug */,
				94A807B229BDE86700B8EE54 /* Release */,
			);
			defaultConfigurationIsVisible = 0;
			defaultConfigurationName = Release;
		};
/* End XCConfigurationList section */
	};
	rootObject = 94A8079A29BDE86600B8EE54 /* Project object */;
}
